
Microsoft Visual Studio Solution File, Format Version 12.00
# Visual Studio Version 17
VisualStudioVersion = 17.1.32414.318
MinimumVisualStudioVersion = 10.0.40219.1
Project("{8BC9CEB8-8B4A-11D0-8D11-00A0C91BC942}") = "Pointers", "Pointers\Pointers.vcxproj", "{9FE6697D-27D8-4274-BA35-9CC9E2045550}"
EndProject
Project("{8BC9CEB8-8B4A-11D0-8D11-00A0C91BC942}") = "Transfer parametrs", "Transfer parametrs\Transfer parametrs.vcxproj", "{8F411A34-7D14-4DA3-9353-B3EBD149AAB9}"
EndProject
Project("{8BC9CEB8-8B4A-11D0-8D11-00A0C91BC942}") = "by reference", "by reference\by reference.vcxproj", "{557340D4-0F0A-4DB6-A579-EE513668B984}"
EndProject
Project("{8BC9CEB8-8B4A-11D0-8D11-00A0C91BC942}") = "Dinamic Memory", "Dinamic Memory\Dinamic Memory.vcxproj", "{68BB4BA0-8579-4415-800E-F9B8B762456A}"
EndProject
Project("{8BC9CEB8-8B4A-11D0-8D11-00A0C91BC942}") = "Split", "Split\Split.vcxproj", "{17D9A95F-2210-4492-A8B6-01E44FEA07EE}"
EndProject
Project("{8BC9CEB8-8B4A-11D0-8D11-00A0C91BC942}") = "Exam", "Exam\Exam.vcxproj", "{38520F8C-31E0-44F7-A2A3-5E35D0649727}"
EndProject
Global
	GlobalSection(SolutionConfigurationPlatforms) = preSolution
		Debug|x64 = Debug|x64
		Debug|x86 = Debug|x86
		Release|x64 = Release|x64
		Release|x86 = Release|x86
	EndGlobalSection
	GlobalSection(ProjectConfigurationPlatforms) = postSolution
		{9FE6697D-27D8-4274-BA35-9CC9E2045550}.Debug|x64.ActiveCfg = Debug|x64
		{9FE6697D-27D8-4274-BA35-9CC9E2045550}.Debug|x64.Build.0 = Debug|x64
		{9FE6697D-27D8-4274-BA35-9CC9E2045550}.Debug|x86.ActiveCfg = Debug|Win32
		{9FE6697D-27D8-4274-BA35-9CC9E2045550}.Debug|x86.Build.0 = Debug|Win32
		{9FE6697D-27D8-4274-BA35-9CC9E2045550}.Release|x64.ActiveCfg = Release|x64
		{9FE6697D-27D8-4274-BA35-9CC9E2045550}.Release|x64.Build.0 = Release|x64
		{9FE6697D-27D8-4274-BA35-9CC9E2045550}.Release|x86.ActiveCfg = Release|Win32
		{9FE6697D-27D8-4274-BA35-9CC9E2045550}.Release|x86.Build.0 = Release|Win32
		{8F411A34-7D14-4DA3-9353-B3EBD149AAB9}.Debug|x64.ActiveCfg = Debug|x64
		{8F411A34-7D14-4DA3-9353-B3EBD149AAB9}.Debug|x64.Build.0 = Debug|x64
		{8F411A34-7D14-4DA3-9353-B3EBD149AAB9}.Debug|x86.ActiveCfg = Debug|Win32
		{8F411A34-7D14-4DA3-9353-B3EBD149AAB9}.Debug|x86.Build.0 = Debug|Win32
		{8F411A34-7D14-4DA3-9353-B3EBD149AAB9}.Release|x64.ActiveCfg = Release|x64
		{8F411A34-7D14-4DA3-9353-B3EBD149AAB9}.Release|x64.Build.0 = Release|x64
		{8F411A34-7D14-4DA3-9353-B3EBD149AAB9}.Release|x86.ActiveCfg = Release|Win32
		{8F411A34-7D14-4DA3-9353-B3EBD149AAB9}.Release|x86.Build.0 = Release|Win32
		{557340D4-0F0A-4DB6-A579-EE513668B984}.Debug|x64.ActiveCfg = Debug|x64
		{557340D4-0F0A-4DB6-A579-EE513668B984}.Debug|x64.Build.0 = Debug|x64
		{557340D4-0F0A-4DB6-A579-EE513668B984}.Debug|x86.ActiveCfg = Debug|Win32
		{557340D4-0F0A-4DB6-A579-EE513668B984}.Debug|x86.Build.0 = Debug|Win32
		{557340D4-0F0A-4DB6-A579-EE513668B984}.Release|x64.ActiveCfg = Release|x64
		{557340D4-0F0A-4DB6-A579-EE513668B984}.Release|x64.Build.0 = Release|x64
		{557340D4-0F0A-4DB6-A579-EE513668B984}.Release|x86.ActiveCfg = Release|Win32
		{557340D4-0F0A-4DB6-A579-EE513668B984}.Release|x86.Build.0 = Release|Win32
		{68BB4BA0-8579-4415-800E-F9B8B762456A}.Debug|x64.ActiveCfg = Debug|x64
		{68BB4BA0-8579-4415-800E-F9B8B762456A}.Debug|x64.Build.0 = Debug|x64
		{68BB4BA0-8579-4415-800E-F9B8B762456A}.Debug|x86.ActiveCfg = Debug|Win32
		{68BB4BA0-8579-4415-800E-F9B8B762456A}.Debug|x86.Build.0 = Debug|Win32
		{68BB4BA0-8579-4415-800E-F9B8B762456A}.Release|x64.ActiveCfg = Release|x64
		{68BB4BA0-8579-4415-800E-F9B8B762456A}.Release|x64.Build.0 = Release|x64
		{68BB4BA0-8579-4415-800E-F9B8B762456A}.Release|x86.ActiveCfg = Release|Win32
		{68BB4BA0-8579-4415-800E-F9B8B762456A}.Release|x86.Build.0 = Release|Win32
		{17D9A95F-2210-4492-A8B6-01E44FEA07EE}.Debug|x64.ActiveCfg = Debug|x64
		{17D9A95F-2210-4492-A8B6-01E44FEA07EE}.Debug|x64.Build.0 = Debug|x64
		{17D9A95F-2210-4492-A8B6-01E44FEA07EE}.Debug|x86.ActiveCfg = Debug|Win32
		{17D9A95F-2210-4492-A8B6-01E44FEA07EE}.Debug|x86.Build.0 = Debug|Win32
		{17D9A95F-2210-4492-A8B6-01E44FEA07EE}.Release|x64.ActiveCfg = Release|x64
		{17D9A95F-2210-4492-A8B6-01E44FEA07EE}.Release|x64.Build.0 = Release|x64
		{17D9A95F-2210-4492-A8B6-01E44FEA07EE}.Release|x86.ActiveCfg = Release|Win32
		{17D9A95F-2210-4492-A8B6-01E44FEA07EE}.Release|x86.Build.0 = Release|Win32
		{38520F8C-31E0-44F7-A2A3-5E35D0649727}.Debug|x64.ActiveCfg = Debug|x64
		{38520F8C-31E0-44F7-A2A3-5E35D0649727}.Debug|x64.Build.0 = Debug|x64
		{38520F8C-31E0-44F7-A2A3-5E35D0649727}.Debug|x86.ActiveCfg = Debug|Win32
		{38520F8C-31E0-44F7-A2A3-5E35D0649727}.Debug|x86.Build.0 = Debug|Win32
		{38520F8C-31E0-44F7-A2A3-5E35D0649727}.Release|x64.ActiveCfg = Release|x64
		{38520F8C-31E0-44F7-A2A3-5E35D0649727}.Release|x64.Build.0 = Release|x64
		{38520F8C-31E0-44F7-A2A3-5E35D0649727}.Release|x86.ActiveCfg = Release|Win32
		{38520F8C-31E0-44F7-A2A3-5E35D0649727}.Release|x86.Build.0 = Release|Win32
	EndGlobalSection
	GlobalSection(SolutionProperties) = preSolution
		HideSolutionNode = FALSE
	EndGlobalSection
	GlobalSection(ExtensibilityGlobals) = postSolution
		SolutionGuid = {5420EE5E-42CD-4655-89F3-6F2D1A268565}
	EndGlobalSection
EndGlobal
